
Microsoft Visual Studio Solution File, Format Version 12.00
# Visual Studio Version 17
VisualStudioVersion = 17.10.35122.118
MinimumVisualStudioVersion = 10.0.40219.1
Project("{FAE04EC0-301F-11D3-BF4B-00C04F79EFBC}") = "RS OVER IP SENDER", "RS OVER IP SENDER\RS OVER IP SENDER.csproj", "{293BF820-8528-4B8B-847B-17FE8C5C378A}"
EndProject
Global
	GlobalSection(SolutionConfigurationPlatforms) = preSolution
		Debug|Any CPU = Debug|Any CPU
		Release|Any CPU = Release|Any CPU
	EndGlobalSection
	GlobalSection(ProjectConfigurationPlatforms) = postSolution
		{293BF820-8528-4B8B-847B-17FE8C5C378A}.Debug|Any CPU.ActiveCfg = Debug|Any CPU
		{293BF820-8528-4B8B-847B-17FE8C5C378A}.Debug|Any CPU.Build.0 = Debug|Any CPU
		{293BF820-8528-4B8B-847B-17FE8C5C378A}.Release|Any CPU.ActiveCfg = Release|Any CPU
		{293BF820-8528-4B8B-847B-17FE8C5C378A}.Release|Any CPU.Build.0 = Release|Any CPU
	EndGlobalSection
	GlobalSection(SolutionProperties) = preSolution
		HideSolutionNode = FALSE
	EndGlobalSection
	GlobalSection(ExtensibilityGlobals) = postSolution
		SolutionGuid = {A48FD751-5152-4E95-9DAF-4D2A867BA8CB}
	EndGlobalSection
EndGlobal
